
Microsoft Visual Studio Solution File, Format Version 12.00
# Visual Studio Version 17
VisualStudioVersion = 17.4.33403.182
MinimumVisualStudioVersion = 10.0.40219.1
Project("{9A19103F-16F7-4668-BE54-9A1E7A4F7556}") = "AppMvc.Net", "AppMvc.Net.csproj", "{DDFBEE87-406D-4164-896F-057F4E3ACC5F}"
EndProject
Global
	GlobalSection(SolutionConfigurationPlatforms) = preSolution
		Debug|Any CPU = Debug|Any CPU
		Release|Any CPU = Release|Any CPU
	EndGlobalSection
	GlobalSection(ProjectConfigurationPlatforms) = postSolution
		{DDFBEE87-406D-4164-896F-057F4E3ACC5F}.Debug|Any CPU.ActiveCfg = Debug|Any CPU
		{DDFBEE87-406D-4164-896F-057F4E3ACC5F}.Debug|Any CPU.Build.0 = Debug|Any CPU
		{DDFBEE87-406D-4164-896F-057F4E3ACC5F}.Release|Any CPU.ActiveCfg = Release|Any CPU
		{DDFBEE87-406D-4164-896F-057F4E3ACC5F}.Release|Any CPU.Build.0 = Release|Any CPU
	EndGlobalSection
	GlobalSection(SolutionProperties) = preSolution
		HideSolutionNode = FALSE
	EndGlobalSection
	GlobalSection(ExtensibilityGlobals) = postSolution
		SolutionGuid = {D107ABB5-983E-4970-A1CC-121EE967D507}
	EndGlobalSection
EndGlobal
